
Microsoft Visual Studio Solution File, Format Version 12.00
# Visual Studio 2012
Project("{FAE04EC0-301F-11D3-BF4B-00C04F79EFBC}") = "CleanCoding", "CleanCoding\CleanCoding.csproj", "{583B1DC4-9327-49DC-A781-7D51486C5F78}"
EndProject
Project("{FAE04EC0-301F-11D3-BF4B-00C04F79EFBC}") = "CleanCoding.Tests", "CleanCoding.Tests\CleanCoding.Tests.csproj", "{AC6608E9-40FF-46C2-A822-DDE3B4EAE4BD}"
EndProject
Global
	GlobalSection(SolutionConfigurationPlatforms) = preSolution
		Debug|Any CPU = Debug|Any CPU
		Release|Any CPU = Release|Any CPU
	EndGlobalSection
	GlobalSection(ProjectConfigurationPlatforms) = postSolution
		{583B1DC4-9327-49DC-A781-7D51486C5F78}.Debug|Any CPU.ActiveCfg = Debug|Any CPU
		{583B1DC4-9327-49DC-A781-7D51486C5F78}.Debug|Any CPU.Build.0 = Debug|Any CPU
		{583B1DC4-9327-49DC-A781-7D51486C5F78}.Release|Any CPU.ActiveCfg = Release|Any CPU
		{583B1DC4-9327-49DC-A781-7D51486C5F78}.Release|Any CPU.Build.0 = Release|Any CPU
		{AC6608E9-40FF-46C2-A822-DDE3B4EAE4BD}.Debug|Any CPU.ActiveCfg = Debug|Any CPU
		{AC6608E9-40FF-46C2-A822-DDE3B4EAE4BD}.Debug|Any CPU.Build.0 = Debug|Any CPU
		{AC6608E9-40FF-46C2-A822-DDE3B4EAE4BD}.Release|Any CPU.ActiveCfg = Release|Any CPU
		{AC6608E9-40FF-46C2-A822-DDE3B4EAE4BD}.Release|Any CPU.Build.0 = Release|Any CPU
	EndGlobalSection
	GlobalSection(SolutionProperties) = preSolution
		HideSolutionNode = FALSE
	EndGlobalSection
EndGlobal
